
Microsoft Visual Studio Solution File, Format Version 12.00
# Visual Studio Version 17
VisualStudioVersion = 17.12.35527.113
MinimumVisualStudioVersion = 10.0.40219.1
Project("{FAE04EC0-301F-11D3-BF4B-00C04F79EFBC}") = "DemoRobin", "DemoRobin\DemoRobin.csproj", "{00BCCADD-5BF0-4577-8309-0F43F0268D62}"
EndProject
Project("{FAE04EC0-301F-11D3-BF4B-00C04F79EFBC}") = "ToolBox.Security", "ToolBox.Security\ToolBox.Security.csproj", "{C194E353-0ABC-4F73-9B33-0954B0E6B7CB}"
EndProject
Global
	GlobalSection(SolutionConfigurationPlatforms) = preSolution
		Debug|Any CPU = Debug|Any CPU
		Release|Any CPU = Release|Any CPU
	EndGlobalSection
	GlobalSection(ProjectConfigurationPlatforms) = postSolution
		{00BCCADD-5BF0-4577-8309-0F43F0268D62}.Debug|Any CPU.ActiveCfg = Debug|Any CPU
		{00BCCADD-5BF0-4577-8309-0F43F0268D62}.Debug|Any CPU.Build.0 = Debug|Any CPU
		{00BCCADD-5BF0-4577-8309-0F43F0268D62}.Release|Any CPU.ActiveCfg = Release|Any CPU
		{00BCCADD-5BF0-4577-8309-0F43F0268D62}.Release|Any CPU.Build.0 = Release|Any CPU
		{C194E353-0ABC-4F73-9B33-0954B0E6B7CB}.Debug|Any CPU.ActiveCfg = Debug|Any CPU
		{C194E353-0ABC-4F73-9B33-0954B0E6B7CB}.Debug|Any CPU.Build.0 = Debug|Any CPU
		{C194E353-0ABC-4F73-9B33-0954B0E6B7CB}.Release|Any CPU.ActiveCfg = Release|Any CPU
		{C194E353-0ABC-4F73-9B33-0954B0E6B7CB}.Release|Any CPU.Build.0 = Release|Any CPU
	EndGlobalSection
	GlobalSection(SolutionProperties) = preSolution
		HideSolutionNode = FALSE
	EndGlobalSection
EndGlobal
